
Microsoft Visual Studio Solution File, Format Version 12.00
# Visual Studio Version 17
VisualStudioVersion = 17.11.35327.3
MinimumVisualStudioVersion = 10.0.40219.1
Project("{FAE04EC0-301F-11D3-BF4B-00C04F79EFBC}") = "Engage.Keyloop.Api", "Engage.Keyloop.Api.csproj", "{4CD20873-40CD-4A74-91FB-0133096A930F}"
EndProject
Global
	GlobalSection(SolutionConfigurationPlatforms) = preSolution
		Debug|Any CPU = Debug|Any CPU
		Release|Any CPU = Release|Any CPU
	EndGlobalSection
	GlobalSection(ProjectConfigurationPlatforms) = postSolution
		{4CD20873-40CD-4A74-91FB-0133096A930F}.Debug|Any CPU.ActiveCfg = Debug|Any CPU
		{4CD20873-40CD-4A74-91FB-0133096A930F}.Debug|Any CPU.Build.0 = Debug|Any CPU
		{4CD20873-40CD-4A74-91FB-0133096A930F}.Release|Any CPU.ActiveCfg = Release|Any CPU
		{4CD20873-40CD-4A74-91FB-0133096A930F}.Release|Any CPU.Build.0 = Release|Any CPU
	EndGlobalSection
	GlobalSection(SolutionProperties) = preSolution
		HideSolutionNode = FALSE
	EndGlobalSection
	GlobalSection(ExtensibilityGlobals) = postSolution
		SolutionGuid = {A91D6960-1447-405E-9EF6-3089A46C1184}
	EndGlobalSection
EndGlobal
